
Microsoft Visual Studio Solution File, Format Version 12.00
# Visual Studio Version 17
VisualStudioVersion = 17.0.31912.275
MinimumVisualStudioVersion = 10.0.40219.1
Project("{9A19103F-16F7-4668-BE54-9A1E7A4F7556}") = "DAL", "Catalog\DAL.csproj", "{FCFB60AE-CABF-4ED2-AD8E-E861FF0B0D9F}"
EndProject
Project("{9A19103F-16F7-4668-BE54-9A1E7A4F7556}") = "DAL.Tests", "DAL.Tests\DAL.Tests.csproj", "{5935FA13-49AC-48D1-8B5C-93390BCE78DB}"
EndProject
Project("{2150E333-8FDC-42A3-9474-1A3956D46DE8}") = "Solution Items", "Solution Items", "{6A6E76BD-3107-4CFF-8E52-E5FFF552E6FE}"
	ProjectSection(SolutionItems) = preProject
		.editorconfig = .editorconfig
	EndProjectSection
EndProject
Project("{FAE04EC0-301F-11D3-BF4B-00C04F79EFBC}") = "BLL", "EcoSystem\BLL.csproj", "{92E87002-72C1-4336-BD8A-9FA4C77977B3}"
	ProjectSection(ProjectDependencies) = postProject
		{FCFB60AE-CABF-4ED2-AD8E-E861FF0B0D9F} = {FCFB60AE-CABF-4ED2-AD8E-E861FF0B0D9F}
	EndProjectSection
EndProject
Project("{FAE04EC0-301F-11D3-BF4B-00C04F79EFBC}") = "CCL", "CCL\CCL.csproj", "{FF176D67-9894-4A56-AA57-3B265F83E055}"
EndProject
Project("{FAE04EC0-301F-11D3-BF4B-00C04F79EFBC}") = "BLL.Tests", "BLL.Tests\BLL.Tests.csproj", "{39644705-D1AB-4718-AB0C-C65000308A56}"
EndProject
Global
	GlobalSection(SolutionConfigurationPlatforms) = preSolution
		Debug|Any CPU = Debug|Any CPU
		Release|Any CPU = Release|Any CPU
	EndGlobalSection
	GlobalSection(ProjectConfigurationPlatforms) = postSolution
		{FCFB60AE-CABF-4ED2-AD8E-E861FF0B0D9F}.Debug|Any CPU.ActiveCfg = Debug|Any CPU
		{FCFB60AE-CABF-4ED2-AD8E-E861FF0B0D9F}.Debug|Any CPU.Build.0 = Debug|Any CPU
		{FCFB60AE-CABF-4ED2-AD8E-E861FF0B0D9F}.Release|Any CPU.ActiveCfg = Release|Any CPU
		{FCFB60AE-CABF-4ED2-AD8E-E861FF0B0D9F}.Release|Any CPU.Build.0 = Release|Any CPU
		{5935FA13-49AC-48D1-8B5C-93390BCE78DB}.Debug|Any CPU.ActiveCfg = Debug|Any CPU
		{5935FA13-49AC-48D1-8B5C-93390BCE78DB}.Debug|Any CPU.Build.0 = Debug|Any CPU
		{5935FA13-49AC-48D1-8B5C-93390BCE78DB}.Release|Any CPU.ActiveCfg = Release|Any CPU
		{5935FA13-49AC-48D1-8B5C-93390BCE78DB}.Release|Any CPU.Build.0 = Release|Any CPU
		{92E87002-72C1-4336-BD8A-9FA4C77977B3}.Debug|Any CPU.ActiveCfg = Debug|Any CPU
		{92E87002-72C1-4336-BD8A-9FA4C77977B3}.Debug|Any CPU.Build.0 = Debug|Any CPU
		{92E87002-72C1-4336-BD8A-9FA4C77977B3}.Release|Any CPU.ActiveCfg = Release|Any CPU
		{92E87002-72C1-4336-BD8A-9FA4C77977B3}.Release|Any CPU.Build.0 = Release|Any CPU
		{FF176D67-9894-4A56-AA57-3B265F83E055}.Debug|Any CPU.ActiveCfg = Debug|Any CPU
		{FF176D67-9894-4A56-AA57-3B265F83E055}.Debug|Any CPU.Build.0 = Debug|Any CPU
		{FF176D67-9894-4A56-AA57-3B265F83E055}.Release|Any CPU.ActiveCfg = Release|Any CPU
		{FF176D67-9894-4A56-AA57-3B265F83E055}.Release|Any CPU.Build.0 = Release|Any CPU
		{39644705-D1AB-4718-AB0C-C65000308A56}.Debug|Any CPU.ActiveCfg = Debug|Any CPU
		{39644705-D1AB-4718-AB0C-C65000308A56}.Debug|Any CPU.Build.0 = Debug|Any CPU
		{39644705-D1AB-4718-AB0C-C65000308A56}.Release|Any CPU.ActiveCfg = Release|Any CPU
		{39644705-D1AB-4718-AB0C-C65000308A56}.Release|Any CPU.Build.0 = Release|Any CPU
	EndGlobalSection
	GlobalSection(SolutionProperties) = preSolution
		HideSolutionNode = FALSE
	EndGlobalSection
	GlobalSection(ExtensibilityGlobals) = postSolution
		SolutionGuid = {6CCD3356-945E-420C-8D2D-AED8E8D0D7A6}
	EndGlobalSection
EndGlobal
