
Microsoft Visual Studio Solution File, Format Version 12.00
# Visual Studio Version 17
VisualStudioVersion = 17.0.31912.275
MinimumVisualStudioVersion = 10.0.40219.1
Project("{9A19103F-16F7-4668-BE54-9A1E7A4F7556}") = "DAL", "Catalog\DAL.csproj", "{FCFB60AE-CABF-4ED2-AD8E-E861FF0B0D9F}"
EndProject
Project("{9A19103F-16F7-4668-BE54-9A1E7A4F7556}") = "DAL.Tests", "DAL.Tests\DAL.Tests.csproj", "{5935FA13-49AC-48D1-8B5C-93390BCE78DB}"
EndProject
Project("{2150E333-8FDC-42A3-9474-1A3956D46DE8}") = "Solution Items", "Solution Items", "{6A6E76BD-3107-4CFF-8E52-E5FFF552E6FE}"
	ProjectSection(SolutionItems) = preProject
		.editorconfig = .editorconfig
	EndProjectSection
EndProject
Project("{9A19103F-16F7-4668-BE54-9A1E7A4F7556}") = "BLL", "..\lab7\BLL\BLL.csproj", "{7DFFE3EE-DE78-4309-99C8-32BBF8167FF3}"
EndProject
Project("{9A19103F-16F7-4668-BE54-9A1E7A4F7556}") = "BLL.Tests", "..\lab7\BLL.Tests\BLL.Tests.csproj", "{2C262EAA-C905-4C96-BA03-66CB688401DD}"
EndProject
Project("{9A19103F-16F7-4668-BE54-9A1E7A4F7556}") = "CCL", "..\lab7\CCL\CCL.csproj", "{DBE60640-FF23-49AF-96C3-B2BB727A2A58}"
EndProject
Project("{9A19103F-16F7-4668-BE54-9A1E7A4F7556}") = "Facade", "Facade\Facade.csproj", "{8299D1B2-CF2E-4F80-936B-C56B49738D10}"
EndProject
Project("{9A19103F-16F7-4668-BE54-9A1E7A4F7556}") = "FacadeProg", "ConsoleApp1\FacadeProg.csproj", "{ED9EC7D2-B793-4DAD-90A2-CE5BF354669A}"
EndProject
Project("{9A19103F-16F7-4668-BE54-9A1E7A4F7556}") = "Prototype", "Prototype\Prototype.csproj", "{11A00DAC-4096-4B29-AF1F-055BCD15B647}"
EndProject
Project("{9A19103F-16F7-4668-BE54-9A1E7A4F7556}") = "PrototypeProg", "PrototypeProg\PrototypeProg.csproj", "{5304EC1A-0D23-4919-94C5-F092611ED52C}"
EndProject
Project("{FAE04EC0-301F-11D3-BF4B-00C04F79EFBC}") = "Observer", "Observer\Observer.csproj", "{FA792796-8F3F-4A67-A54F-47B760B9A60C}"
EndProject
Project("{FAE04EC0-301F-11D3-BF4B-00C04F79EFBC}") = "ObserverProg", "ObserverProg\ObserverProg.csproj", "{48276252-5C11-4C0B-96A1-1B2E21581132}"
EndProject
Global
	GlobalSection(SolutionConfigurationPlatforms) = preSolution
		Debug|Any CPU = Debug|Any CPU
		Release|Any CPU = Release|Any CPU
	EndGlobalSection
	GlobalSection(ProjectConfigurationPlatforms) = postSolution
		{FCFB60AE-CABF-4ED2-AD8E-E861FF0B0D9F}.Debug|Any CPU.ActiveCfg = Debug|Any CPU
		{FCFB60AE-CABF-4ED2-AD8E-E861FF0B0D9F}.Debug|Any CPU.Build.0 = Debug|Any CPU
		{FCFB60AE-CABF-4ED2-AD8E-E861FF0B0D9F}.Release|Any CPU.ActiveCfg = Release|Any CPU
		{FCFB60AE-CABF-4ED2-AD8E-E861FF0B0D9F}.Release|Any CPU.Build.0 = Release|Any CPU
		{5935FA13-49AC-48D1-8B5C-93390BCE78DB}.Debug|Any CPU.ActiveCfg = Debug|Any CPU
		{5935FA13-49AC-48D1-8B5C-93390BCE78DB}.Debug|Any CPU.Build.0 = Debug|Any CPU
		{5935FA13-49AC-48D1-8B5C-93390BCE78DB}.Release|Any CPU.ActiveCfg = Release|Any CPU
		{5935FA13-49AC-48D1-8B5C-93390BCE78DB}.Release|Any CPU.Build.0 = Release|Any CPU
		{7DFFE3EE-DE78-4309-99C8-32BBF8167FF3}.Debug|Any CPU.ActiveCfg = Debug|Any CPU
		{7DFFE3EE-DE78-4309-99C8-32BBF8167FF3}.Debug|Any CPU.Build.0 = Debug|Any CPU
		{7DFFE3EE-DE78-4309-99C8-32BBF8167FF3}.Release|Any CPU.ActiveCfg = Release|Any CPU
		{7DFFE3EE-DE78-4309-99C8-32BBF8167FF3}.Release|Any CPU.Build.0 = Release|Any CPU
		{2C262EAA-C905-4C96-BA03-66CB688401DD}.Debug|Any CPU.ActiveCfg = Debug|Any CPU
		{2C262EAA-C905-4C96-BA03-66CB688401DD}.Debug|Any CPU.Build.0 = Debug|Any CPU
		{2C262EAA-C905-4C96-BA03-66CB688401DD}.Release|Any CPU.ActiveCfg = Release|Any CPU
		{2C262EAA-C905-4C96-BA03-66CB688401DD}.Release|Any CPU.Build.0 = Release|Any CPU
		{DBE60640-FF23-49AF-96C3-B2BB727A2A58}.Debug|Any CPU.ActiveCfg = Debug|Any CPU
		{DBE60640-FF23-49AF-96C3-B2BB727A2A58}.Debug|Any CPU.Build.0 = Debug|Any CPU
		{DBE60640-FF23-49AF-96C3-B2BB727A2A58}.Release|Any CPU.ActiveCfg = Release|Any CPU
		{DBE60640-FF23-49AF-96C3-B2BB727A2A58}.Release|Any CPU.Build.0 = Release|Any CPU
		{8299D1B2-CF2E-4F80-936B-C56B49738D10}.Debug|Any CPU.ActiveCfg = Debug|Any CPU
		{8299D1B2-CF2E-4F80-936B-C56B49738D10}.Debug|Any CPU.Build.0 = Debug|Any CPU
		{8299D1B2-CF2E-4F80-936B-C56B49738D10}.Release|Any CPU.ActiveCfg = Release|Any CPU
		{8299D1B2-CF2E-4F80-936B-C56B49738D10}.Release|Any CPU.Build.0 = Release|Any CPU
		{ED9EC7D2-B793-4DAD-90A2-CE5BF354669A}.Debug|Any CPU.ActiveCfg = Debug|Any CPU
		{ED9EC7D2-B793-4DAD-90A2-CE5BF354669A}.Debug|Any CPU.Build.0 = Debug|Any CPU
		{ED9EC7D2-B793-4DAD-90A2-CE5BF354669A}.Release|Any CPU.ActiveCfg = Release|Any CPU
		{ED9EC7D2-B793-4DAD-90A2-CE5BF354669A}.Release|Any CPU.Build.0 = Release|Any CPU
		{11A00DAC-4096-4B29-AF1F-055BCD15B647}.Debug|Any CPU.ActiveCfg = Debug|Any CPU
		{11A00DAC-4096-4B29-AF1F-055BCD15B647}.Debug|Any CPU.Build.0 = Debug|Any CPU
		{11A00DAC-4096-4B29-AF1F-055BCD15B647}.Release|Any CPU.ActiveCfg = Release|Any CPU
		{11A00DAC-4096-4B29-AF1F-055BCD15B647}.Release|Any CPU.Build.0 = Release|Any CPU
		{5304EC1A-0D23-4919-94C5-F092611ED52C}.Debug|Any CPU.ActiveCfg = Debug|Any CPU
		{5304EC1A-0D23-4919-94C5-F092611ED52C}.Debug|Any CPU.Build.0 = Debug|Any CPU
		{5304EC1A-0D23-4919-94C5-F092611ED52C}.Release|Any CPU.ActiveCfg = Release|Any CPU
		{5304EC1A-0D23-4919-94C5-F092611ED52C}.Release|Any CPU.Build.0 = Release|Any CPU
		{FA792796-8F3F-4A67-A54F-47B760B9A60C}.Debug|Any CPU.ActiveCfg = Debug|Any CPU
		{FA792796-8F3F-4A67-A54F-47B760B9A60C}.Debug|Any CPU.Build.0 = Debug|Any CPU
		{FA792796-8F3F-4A67-A54F-47B760B9A60C}.Release|Any CPU.ActiveCfg = Release|Any CPU
		{FA792796-8F3F-4A67-A54F-47B760B9A60C}.Release|Any CPU.Build.0 = Release|Any CPU
		{48276252-5C11-4C0B-96A1-1B2E21581132}.Debug|Any CPU.ActiveCfg = Debug|Any CPU
		{48276252-5C11-4C0B-96A1-1B2E21581132}.Debug|Any CPU.Build.0 = Debug|Any CPU
		{48276252-5C11-4C0B-96A1-1B2E21581132}.Release|Any CPU.ActiveCfg = Release|Any CPU
		{48276252-5C11-4C0B-96A1-1B2E21581132}.Release|Any CPU.Build.0 = Release|Any CPU
	EndGlobalSection
	GlobalSection(SolutionProperties) = preSolution
		HideSolutionNode = FALSE
	EndGlobalSection
	GlobalSection(ExtensibilityGlobals) = postSolution
		SolutionGuid = {6CCD3356-945E-420C-8D2D-AED8E8D0D7A6}
	EndGlobalSection
EndGlobal
